{
  "name": "forma-storefront",
  "version": "1.0.0",
  "lockfileVersion": 3,
  "requires": true,
  "packages": {
    "": {
      "name": "forma-storefront",
      "version": "1.0.0",
      "workspaces": [
        "apps/*",
        "packages/*"
      ]
    },
    "apps/docs": {
      "name": "@forma/app-docs",
      "version": "1.0.0",
      "dependencies": {
        "@forma/config": "*",
        "@forma/ui": "*"
      }
    },
    "apps/storefront": {
      "name": "@forma/app-storefront",
      "version": "1.0.0",
      "dependencies": {
        "@forma/config": "*",
        "@forma/storefront-data": "*",
        "@forma/ui": "*"
      }
    },
    "node_modules/@forma/app-docs": {
      "resolved": "apps/docs",
      "link": true
    },
    "node_modules/@forma/app-storefront": {
      "resolved": "apps/storefront",
      "link": true
    },
    "node_modules/@forma/config": {
      "resolved": "packages/config",
      "link": true
    },
    "node_modules/@forma/storefront-data": {
      "resolved": "packages/storefront-data",
      "link": true
    },
    "node_modules/@forma/ui": {
      "resolved": "packages/ui",
      "link": true
    },
    "packages/config": {
      "name": "@forma/config",
      "version": "1.0.0"
    },
    "packages/storefront-data": {
      "name": "@forma/storefront-data",
      "version": "1.0.0"
    },
    "packages/ui": {
      "name": "@forma/ui",
      "version": "1.0.0"
    }
  }
}
